
Microsoft Visual Studio Solution File, Format Version 12.00
Project("{FAE04EC0-301F-11D3-BF4B-00C04F79EFBC}") = "WebApp-example", "WebApp-example\WebApp-example.csproj", "{F75A6D5A-C0AC-443F-97B5-511F67C02663}"
EndProject
Global
	GlobalSection(SolutionConfigurationPlatforms) = preSolution
		Debug|Any CPU = Debug|Any CPU
		Release|Any CPU = Release|Any CPU
	EndGlobalSection
	GlobalSection(ProjectConfigurationPlatforms) = postSolution
		{F75A6D5A-C0AC-443F-97B5-511F67C02663}.Debug|Any CPU.ActiveCfg = Debug|Any CPU
		{F75A6D5A-C0AC-443F-97B5-511F67C02663}.Debug|Any CPU.Build.0 = Debug|Any CPU
		{F75A6D5A-C0AC-443F-97B5-511F67C02663}.Release|Any CPU.ActiveCfg = Release|Any CPU
		{F75A6D5A-C0AC-443F-97B5-511F67C02663}.Release|Any CPU.Build.0 = Release|Any CPU
	EndGlobalSection
EndGlobal
